
Microsoft Visual Studio Solution File, Format Version 12.00
# Visual Studio 2012
Project("{FAE04EC0-301F-11D3-BF4B-00C04F79EFBC}") = "LightsOutApp", "LightsOutApp\LightsOutApp.csproj", "{64D85462-640B-46F9-9FEF-EB566EE2F46E}"
EndProject
Project("{FAE04EC0-301F-11D3-BF4B-00C04F79EFBC}") = "LightsOutApp.Tests", "LightsOutApp.Tests\LightsOutApp.Tests.csproj", "{93968969-F356-4D50-AEBD-7AFB8EFD3F7B}"
EndProject
Global
	GlobalSection(SolutionConfigurationPlatforms) = preSolution
		Debug|Any CPU = Debug|Any CPU
		Release|Any CPU = Release|Any CPU
	EndGlobalSection
	GlobalSection(ProjectConfigurationPlatforms) = postSolution
		{64D85462-640B-46F9-9FEF-EB566EE2F46E}.Debug|Any CPU.ActiveCfg = Debug|Any CPU
		{64D85462-640B-46F9-9FEF-EB566EE2F46E}.Debug|Any CPU.Build.0 = Debug|Any CPU
		{64D85462-640B-46F9-9FEF-EB566EE2F46E}.Release|Any CPU.ActiveCfg = Release|Any CPU
		{64D85462-640B-46F9-9FEF-EB566EE2F46E}.Release|Any CPU.Build.0 = Release|Any CPU
		{93968969-F356-4D50-AEBD-7AFB8EFD3F7B}.Debug|Any CPU.ActiveCfg = Debug|Any CPU
		{93968969-F356-4D50-AEBD-7AFB8EFD3F7B}.Debug|Any CPU.Build.0 = Debug|Any CPU
		{93968969-F356-4D50-AEBD-7AFB8EFD3F7B}.Release|Any CPU.ActiveCfg = Release|Any CPU
		{93968969-F356-4D50-AEBD-7AFB8EFD3F7B}.Release|Any CPU.Build.0 = Release|Any CPU
	EndGlobalSection
	GlobalSection(SolutionProperties) = preSolution
		HideSolutionNode = FALSE
	EndGlobalSection
	GlobalSection(ExtensibilityGlobals) = postSolution
		SolutionGuid = {96C74629-4C92-4101-B137-1C55B04B97FF}
	EndGlobalSection
EndGlobal
